
Microsoft Visual Studio Solution File, Format Version 12.00
# Visual Studio 15
VisualStudioVersion = 15.0.27428.2005
MinimumVisualStudioVersion = 10.0.40219.1
Project("{2150E333-8FDC-42A3-9474-1A3956D46DE8}") = "BLL", "BLL", "{02102200-C12F-4A0F-ACBD-374C9A219AAA}"
EndProject
Project("{2150E333-8FDC-42A3-9474-1A3956D46DE8}") = "Common", "Common", "{AFF66928-CA8A-4EFD-80C9-1E826BFD4A15}"
EndProject
Project("{2150E333-8FDC-42A3-9474-1A3956D46DE8}") = "DAL", "DAL", "{8519879A-610C-4DC3-90CE-2AE30A046881}"
EndProject
Project("{2150E333-8FDC-42A3-9474-1A3956D46DE8}") = "PL", "PL", "{0D367F98-597B-482A-833E-83507BEDD135}"
EndProject
Project("{FAE04EC0-301F-11D3-BF4B-00C04F79EFBC}") = "Epam.Users.BLL", "Epam.Users.BLL\Epam.Users.BLL.csproj", "{91FB83CE-EBC7-4337-87E3-E933C51743D5}"
EndProject
Project("{FAE04EC0-301F-11D3-BF4B-00C04F79EFBC}") = "Epam.Users.BLL.Interface", "Epam.Users.BLL.Interface\Epam.Users.BLL.Interface.csproj", "{FA49F619-4DF5-4448-A04B-F53E0E65F96B}"
EndProject
Project("{FAE04EC0-301F-11D3-BF4B-00C04F79EFBC}") = "Epam.Users.Common", "Epam.Users.Common\Epam.Users.Common.csproj", "{B47FD11C-E8A0-4BA6-BC0A-015A9BB29976}"
EndProject
Project("{FAE04EC0-301F-11D3-BF4B-00C04F79EFBC}") = "Epam.Users.Entities", "Epam.Users.Entities\Epam.Users.Entities.csproj", "{E06D7A43-37B1-4266-AD38-9656358104FF}"
EndProject
Project("{FAE04EC0-301F-11D3-BF4B-00C04F79EFBC}") = "Epam.Users.DAL", "Epam.Users.DAL\Epam.Users.DAL.csproj", "{068274A1-6860-4803-87D8-E97ECB8445B0}"
EndProject
Project("{FAE04EC0-301F-11D3-BF4B-00C04F79EFBC}") = "Epam.Users.DAL.Interface", "Epam.Users.DAL.Interface\Epam.Users.DAL.Interface.csproj", "{F97F9E36-A08D-480B-8C05-44A0CF5B3ED8}"
EndProject
Project("{FAE04EC0-301F-11D3-BF4B-00C04F79EFBC}") = "Epam.Users.ConsolePL", "Epam.Users.ConsolePL\Epam.Users.ConsolePL.csproj", "{0FEAAA9A-AD0A-489D-AC37-C3351C128526}"
EndProject
Project("{FAE04EC0-301F-11D3-BF4B-00C04F79EFBC}") = "Epam.Users.DAL.TextFiles", "Epam.Users.DAL.TextFiles\Epam.Users.DAL.TextFiles.csproj", "{C3881ABE-F2DD-46C7-9AC8-44698B39CD3A}"
EndProject
Project("{FAE04EC0-301F-11D3-BF4B-00C04F79EFBC}") = "Epam.UsersAndAwards.WebPagesPL", "Epam.UsersAndAwards.WebPagesPL\Epam.UsersAndAwards.WebPagesPL.csproj", "{1C06CF9A-04EF-4CA3-88D0-AB14E31FFFF0}"
EndProject
Global
	GlobalSection(SolutionConfigurationPlatforms) = preSolution
		Debug|Any CPU = Debug|Any CPU
		Release|Any CPU = Release|Any CPU
	EndGlobalSection
	GlobalSection(ProjectConfigurationPlatforms) = postSolution
		{91FB83CE-EBC7-4337-87E3-E933C51743D5}.Debug|Any CPU.ActiveCfg = Debug|Any CPU
		{91FB83CE-EBC7-4337-87E3-E933C51743D5}.Debug|Any CPU.Build.0 = Debug|Any CPU
		{91FB83CE-EBC7-4337-87E3-E933C51743D5}.Release|Any CPU.ActiveCfg = Release|Any CPU
		{91FB83CE-EBC7-4337-87E3-E933C51743D5}.Release|Any CPU.Build.0 = Release|Any CPU
		{FA49F619-4DF5-4448-A04B-F53E0E65F96B}.Debug|Any CPU.ActiveCfg = Debug|Any CPU
		{FA49F619-4DF5-4448-A04B-F53E0E65F96B}.Debug|Any CPU.Build.0 = Debug|Any CPU
		{FA49F619-4DF5-4448-A04B-F53E0E65F96B}.Release|Any CPU.ActiveCfg = Release|Any CPU
		{FA49F619-4DF5-4448-A04B-F53E0E65F96B}.Release|Any CPU.Build.0 = Release|Any CPU
		{B47FD11C-E8A0-4BA6-BC0A-015A9BB29976}.Debug|Any CPU.ActiveCfg = Debug|Any CPU
		{B47FD11C-E8A0-4BA6-BC0A-015A9BB29976}.Debug|Any CPU.Build.0 = Debug|Any CPU
		{B47FD11C-E8A0-4BA6-BC0A-015A9BB29976}.Release|Any CPU.ActiveCfg = Release|Any CPU
		{B47FD11C-E8A0-4BA6-BC0A-015A9BB29976}.Release|Any CPU.Build.0 = Release|Any CPU
		{E06D7A43-37B1-4266-AD38-9656358104FF}.Debug|Any CPU.ActiveCfg = Debug|Any CPU
		{E06D7A43-37B1-4266-AD38-9656358104FF}.Debug|Any CPU.Build.0 = Debug|Any CPU
		{E06D7A43-37B1-4266-AD38-9656358104FF}.Release|Any CPU.ActiveCfg = Release|Any CPU
		{E06D7A43-37B1-4266-AD38-9656358104FF}.Release|Any CPU.Build.0 = Release|Any CPU
		{068274A1-6860-4803-87D8-E97ECB8445B0}.Debug|Any CPU.ActiveCfg = Debug|Any CPU
		{068274A1-6860-4803-87D8-E97ECB8445B0}.Debug|Any CPU.Build.0 = Debug|Any CPU
		{068274A1-6860-4803-87D8-E97ECB8445B0}.Release|Any CPU.ActiveCfg = Release|Any CPU
		{068274A1-6860-4803-87D8-E97ECB8445B0}.Release|Any CPU.Build.0 = Release|Any CPU
		{F97F9E36-A08D-480B-8C05-44A0CF5B3ED8}.Debug|Any CPU.ActiveCfg = Debug|Any CPU
		{F97F9E36-A08D-480B-8C05-44A0CF5B3ED8}.Debug|Any CPU.Build.0 = Debug|Any CPU
		{F97F9E36-A08D-480B-8C05-44A0CF5B3ED8}.Release|Any CPU.ActiveCfg = Release|Any CPU
		{F97F9E36-A08D-480B-8C05-44A0CF5B3ED8}.Release|Any CPU.Build.0 = Release|Any CPU
		{0FEAAA9A-AD0A-489D-AC37-C3351C128526}.Debug|Any CPU.ActiveCfg = Debug|Any CPU
		{0FEAAA9A-AD0A-489D-AC37-C3351C128526}.Debug|Any CPU.Build.0 = Debug|Any CPU
		{0FEAAA9A-AD0A-489D-AC37-C3351C128526}.Release|Any CPU.ActiveCfg = Release|Any CPU
		{0FEAAA9A-AD0A-489D-AC37-C3351C128526}.Release|Any CPU.Build.0 = Release|Any CPU
		{C3881ABE-F2DD-46C7-9AC8-44698B39CD3A}.Debug|Any CPU.ActiveCfg = Debug|Any CPU
		{C3881ABE-F2DD-46C7-9AC8-44698B39CD3A}.Debug|Any CPU.Build.0 = Debug|Any CPU
		{C3881ABE-F2DD-46C7-9AC8-44698B39CD3A}.Release|Any CPU.ActiveCfg = Release|Any CPU
		{C3881ABE-F2DD-46C7-9AC8-44698B39CD3A}.Release|Any CPU.Build.0 = Release|Any CPU
		{1C06CF9A-04EF-4CA3-88D0-AB14E31FFFF0}.Debug|Any CPU.ActiveCfg = Debug|Any CPU
		{1C06CF9A-04EF-4CA3-88D0-AB14E31FFFF0}.Debug|Any CPU.Build.0 = Debug|Any CPU
		{1C06CF9A-04EF-4CA3-88D0-AB14E31FFFF0}.Release|Any CPU.ActiveCfg = Release|Any CPU
		{1C06CF9A-04EF-4CA3-88D0-AB14E31FFFF0}.Release|Any CPU.Build.0 = Release|Any CPU
	EndGlobalSection
	GlobalSection(SolutionProperties) = preSolution
		HideSolutionNode = FALSE
	EndGlobalSection
	GlobalSection(NestedProjects) = preSolution
		{91FB83CE-EBC7-4337-87E3-E933C51743D5} = {02102200-C12F-4A0F-ACBD-374C9A219AAA}
		{FA49F619-4DF5-4448-A04B-F53E0E65F96B} = {02102200-C12F-4A0F-ACBD-374C9A219AAA}
		{B47FD11C-E8A0-4BA6-BC0A-015A9BB29976} = {AFF66928-CA8A-4EFD-80C9-1E826BFD4A15}
		{E06D7A43-37B1-4266-AD38-9656358104FF} = {AFF66928-CA8A-4EFD-80C9-1E826BFD4A15}
		{068274A1-6860-4803-87D8-E97ECB8445B0} = {8519879A-610C-4DC3-90CE-2AE30A046881}
		{F97F9E36-A08D-480B-8C05-44A0CF5B3ED8} = {8519879A-610C-4DC3-90CE-2AE30A046881}
		{0FEAAA9A-AD0A-489D-AC37-C3351C128526} = {0D367F98-597B-482A-833E-83507BEDD135}
		{C3881ABE-F2DD-46C7-9AC8-44698B39CD3A} = {8519879A-610C-4DC3-90CE-2AE30A046881}
		{1C06CF9A-04EF-4CA3-88D0-AB14E31FFFF0} = {0D367F98-597B-482A-833E-83507BEDD135}
	EndGlobalSection
	GlobalSection(ExtensibilityGlobals) = postSolution
		SolutionGuid = {8A7961EE-C733-4D8E-B340-B0661C3386F7}
	EndGlobalSection
EndGlobal
