
Microsoft Visual Studio Solution File, Format Version 12.00
# Visual Studio 15
VisualStudioVersion = 15.0.27428.2005
MinimumVisualStudioVersion = 10.0.40219.1
Project("{FAE04EC0-301F-11D3-BF4B-00C04F79EFBC}") = "Epam.Task2.Rectangle", "Epam.Task2.Rectangle\Epam.Task2.Rectangle.csproj", "{DA0CC2A8-1C49-4A06-8CE8-536E6EA438D1}"
EndProject
Project("{FAE04EC0-301F-11D3-BF4B-00C04F79EFBC}") = "Epam.Task2.Triangle", "Epam.Task2.Triangle\Epam.Task2.Triangle.csproj", "{31305B39-6782-4065-A563-0B62E3FEB5EF}"
EndProject
Project("{FAE04EC0-301F-11D3-BF4B-00C04F79EFBC}") = "Epam.Task2.AnotherTriangle", "Epam.Task2.AnotherTriangle\Epam.Task2.AnotherTriangle.csproj", "{F97847A1-64A9-4E38-BD3F-0794B2865020}"
EndProject
Project("{FAE04EC0-301F-11D3-BF4B-00C04F79EFBC}") = "Epam.Task2.XmasTree", "Epam.Task2.X-masTree\Epam.Task2.XmasTree.csproj", "{12B199D2-1502-43C7-BB0F-70D80AC8C1FF}"
EndProject
Project("{FAE04EC0-301F-11D3-BF4B-00C04F79EFBC}") = "Epam.Task2.SumOfNumbers", "Epam.Task2.SumOfNumbers\Epam.Task2.SumOfNumbers.csproj", "{E73C5DAC-808F-49DB-90DE-7B6B4CD85696}"
EndProject
Project("{FAE04EC0-301F-11D3-BF4B-00C04F79EFBC}") = "Epam.Task2.FontAdjustment", "Epam.Task2.FontAdjustment\Epam.Task2.FontAdjustment.csproj", "{528B2D6D-E70E-4362-8766-2F744E4A61F5}"
EndProject
Project("{FAE04EC0-301F-11D3-BF4B-00C04F79EFBC}") = "Epam.Task2.ArrayProcessing", "Epam.Task2.ArrayProcessing\Epam.Task2.ArrayProcessing.csproj", "{0290540B-100B-46E0-821D-911490322D16}"
EndProject
Project("{FAE04EC0-301F-11D3-BF4B-00C04F79EFBC}") = "Epam.Task2.NoPositive", "Epam.Task2.NoPositive\Epam.Task2.NoPositive.csproj", "{35796FCC-AFFD-4FD2-BF24-79B807993548}"
EndProject
Project("{FAE04EC0-301F-11D3-BF4B-00C04F79EFBC}") = "Epam.Task2.NonNegativeSum", "Epam.Task2.NonNegativeSum\Epam.Task2.NonNegativeSum.csproj", "{82E0CF6A-C957-4C4B-A136-8C8E4EDE1526}"
EndProject
Project("{FAE04EC0-301F-11D3-BF4B-00C04F79EFBC}") = "Epam.Task2.2DArray", "Epam.Task2.2DArray\Epam.Task2.2DArray.csproj", "{1ECAE007-88E0-4E81-95B4-2885598C4694}"
EndProject
Project("{FAE04EC0-301F-11D3-BF4B-00C04F79EFBC}") = "Epam.Task2.AverageStringLength", "Epam.Task2.AverageStringLength\Epam.Task2.AverageStringLength.csproj", "{ECD8D2BE-C9FA-47EB-B5BB-C60F33740D40}"
EndProject
Project("{FAE04EC0-301F-11D3-BF4B-00C04F79EFBC}") = "Epam.Task2.CharDoubler", "Epam.Task2.CharDoubler\Epam.Task2.CharDoubler.csproj", "{2A46797A-9A9C-4068-8272-63C580A5713F}"
EndProject
Global
	GlobalSection(SolutionConfigurationPlatforms) = preSolution
		Debug|Any CPU = Debug|Any CPU
		Release|Any CPU = Release|Any CPU
	EndGlobalSection
	GlobalSection(ProjectConfigurationPlatforms) = postSolution
		{DA0CC2A8-1C49-4A06-8CE8-536E6EA438D1}.Debug|Any CPU.ActiveCfg = Debug|Any CPU
		{DA0CC2A8-1C49-4A06-8CE8-536E6EA438D1}.Debug|Any CPU.Build.0 = Debug|Any CPU
		{DA0CC2A8-1C49-4A06-8CE8-536E6EA438D1}.Release|Any CPU.ActiveCfg = Release|Any CPU
		{DA0CC2A8-1C49-4A06-8CE8-536E6EA438D1}.Release|Any CPU.Build.0 = Release|Any CPU
		{31305B39-6782-4065-A563-0B62E3FEB5EF}.Debug|Any CPU.ActiveCfg = Debug|Any CPU
		{31305B39-6782-4065-A563-0B62E3FEB5EF}.Debug|Any CPU.Build.0 = Debug|Any CPU
		{31305B39-6782-4065-A563-0B62E3FEB5EF}.Release|Any CPU.ActiveCfg = Release|Any CPU
		{31305B39-6782-4065-A563-0B62E3FEB5EF}.Release|Any CPU.Build.0 = Release|Any CPU
		{F97847A1-64A9-4E38-BD3F-0794B2865020}.Debug|Any CPU.ActiveCfg = Debug|Any CPU
		{F97847A1-64A9-4E38-BD3F-0794B2865020}.Debug|Any CPU.Build.0 = Debug|Any CPU
		{F97847A1-64A9-4E38-BD3F-0794B2865020}.Release|Any CPU.ActiveCfg = Release|Any CPU
		{F97847A1-64A9-4E38-BD3F-0794B2865020}.Release|Any CPU.Build.0 = Release|Any CPU
		{12B199D2-1502-43C7-BB0F-70D80AC8C1FF}.Debug|Any CPU.ActiveCfg = Debug|Any CPU
		{12B199D2-1502-43C7-BB0F-70D80AC8C1FF}.Debug|Any CPU.Build.0 = Debug|Any CPU
		{12B199D2-1502-43C7-BB0F-70D80AC8C1FF}.Release|Any CPU.ActiveCfg = Release|Any CPU
		{12B199D2-1502-43C7-BB0F-70D80AC8C1FF}.Release|Any CPU.Build.0 = Release|Any CPU
		{E73C5DAC-808F-49DB-90DE-7B6B4CD85696}.Debug|Any CPU.ActiveCfg = Debug|Any CPU
		{E73C5DAC-808F-49DB-90DE-7B6B4CD85696}.Debug|Any CPU.Build.0 = Debug|Any CPU
		{E73C5DAC-808F-49DB-90DE-7B6B4CD85696}.Release|Any CPU.ActiveCfg = Release|Any CPU
		{E73C5DAC-808F-49DB-90DE-7B6B4CD85696}.Release|Any CPU.Build.0 = Release|Any CPU
		{528B2D6D-E70E-4362-8766-2F744E4A61F5}.Debug|Any CPU.ActiveCfg = Debug|Any CPU
		{528B2D6D-E70E-4362-8766-2F744E4A61F5}.Debug|Any CPU.Build.0 = Debug|Any CPU
		{528B2D6D-E70E-4362-8766-2F744E4A61F5}.Release|Any CPU.ActiveCfg = Release|Any CPU
		{528B2D6D-E70E-4362-8766-2F744E4A61F5}.Release|Any CPU.Build.0 = Release|Any CPU
		{0290540B-100B-46E0-821D-911490322D16}.Debug|Any CPU.ActiveCfg = Debug|Any CPU
		{0290540B-100B-46E0-821D-911490322D16}.Debug|Any CPU.Build.0 = Debug|Any CPU
		{0290540B-100B-46E0-821D-911490322D16}.Release|Any CPU.ActiveCfg = Release|Any CPU
		{0290540B-100B-46E0-821D-911490322D16}.Release|Any CPU.Build.0 = Release|Any CPU
		{35796FCC-AFFD-4FD2-BF24-79B807993548}.Debug|Any CPU.ActiveCfg = Debug|Any CPU
		{35796FCC-AFFD-4FD2-BF24-79B807993548}.Debug|Any CPU.Build.0 = Debug|Any CPU
		{35796FCC-AFFD-4FD2-BF24-79B807993548}.Release|Any CPU.ActiveCfg = Release|Any CPU
		{35796FCC-AFFD-4FD2-BF24-79B807993548}.Release|Any CPU.Build.0 = Release|Any CPU
		{82E0CF6A-C957-4C4B-A136-8C8E4EDE1526}.Debug|Any CPU.ActiveCfg = Debug|Any CPU
		{82E0CF6A-C957-4C4B-A136-8C8E4EDE1526}.Debug|Any CPU.Build.0 = Debug|Any CPU
		{82E0CF6A-C957-4C4B-A136-8C8E4EDE1526}.Release|Any CPU.ActiveCfg = Release|Any CPU
		{82E0CF6A-C957-4C4B-A136-8C8E4EDE1526}.Release|Any CPU.Build.0 = Release|Any CPU
		{1ECAE007-88E0-4E81-95B4-2885598C4694}.Debug|Any CPU.ActiveCfg = Debug|Any CPU
		{1ECAE007-88E0-4E81-95B4-2885598C4694}.Debug|Any CPU.Build.0 = Debug|Any CPU
		{1ECAE007-88E0-4E81-95B4-2885598C4694}.Release|Any CPU.ActiveCfg = Release|Any CPU
		{1ECAE007-88E0-4E81-95B4-2885598C4694}.Release|Any CPU.Build.0 = Release|Any CPU
		{ECD8D2BE-C9FA-47EB-B5BB-C60F33740D40}.Debug|Any CPU.ActiveCfg = Debug|Any CPU
		{ECD8D2BE-C9FA-47EB-B5BB-C60F33740D40}.Debug|Any CPU.Build.0 = Debug|Any CPU
		{ECD8D2BE-C9FA-47EB-B5BB-C60F33740D40}.Release|Any CPU.ActiveCfg = Release|Any CPU
		{ECD8D2BE-C9FA-47EB-B5BB-C60F33740D40}.Release|Any CPU.Build.0 = Release|Any CPU
		{2A46797A-9A9C-4068-8272-63C580A5713F}.Debug|Any CPU.ActiveCfg = Debug|Any CPU
		{2A46797A-9A9C-4068-8272-63C580A5713F}.Debug|Any CPU.Build.0 = Debug|Any CPU
		{2A46797A-9A9C-4068-8272-63C580A5713F}.Release|Any CPU.ActiveCfg = Release|Any CPU
		{2A46797A-9A9C-4068-8272-63C580A5713F}.Release|Any CPU.Build.0 = Release|Any CPU
	EndGlobalSection
	GlobalSection(SolutionProperties) = preSolution
		HideSolutionNode = FALSE
	EndGlobalSection
	GlobalSection(ExtensibilityGlobals) = postSolution
		SolutionGuid = {CC11FDB8-F4E4-423E-B8C4-BD6F9931EA4E}
	EndGlobalSection
EndGlobal
